// !$*UTF8*$!
{
	archiveVersion = 1;
	classes = {
	};
	objectVersion = 50;
	objects = {

/* Begin PBXBuildFile section */
		2FEFDF94394FDE083BEE1B52 /* Pods_Scanner.framework in Frameworks */ = {isa = PBXBuildFile; fileRef = DEDB506CA22D1611775D3034 /* Pods_Scanner.framework */; };
		380A5D1820B5D03B00A6A5BF /* LoginViewController.swift in Sources */ = {isa = PBXBuildFile; fileRef = 380A5D1720B5D03B00A6A5BF /* LoginViewController.swift */; };
		380A5D1A20B5DDF500A6A5BF /* SettingsViewController.swift in Sources */ = {isa = PBXBuildFile; fileRef = 380A5D1920B5DDF500A6A5BF /* SettingsViewController.swift */; };
		380A5D1C20B5E3E500A6A5BF /* AuthHelper.swift in Sources */ = {isa = PBXBuildFile; fileRef = 380A5D1B20B5E3E500A6A5BF /* AuthHelper.swift */; };
		385E051620B84AC800E37A29 /* ModalLoadingWindow.swift in Sources */ = {isa = PBXBuildFile; fileRef = 385E051520B84AC800E37A29 /* ModalLoadingWindow.swift */; };
		385E052320BC5CE800E37A29 /* SortMethod.swift in Sources */ = {isa = PBXBuildFile; fileRef = 385E052220BC5CE800E37A29 /* SortMethod.swift */; };
		38CBBA4420ACB4F0007561B7 /* AppDelegate.swift in Sources */ = {isa = PBXBuildFile; fileRef = 38CBBA4320ACB4F0007561B7 /* AppDelegate.swift */; };
		38CBBA4620ACB4F0007561B7 /* ViewController.swift in Sources */ = {isa = PBXBuildFile; fileRef = 38CBBA4520ACB4F0007561B7 /* ViewController.swift */; };
		38CBBA4920ACB4F0007561B7 /* Main.storyboard in Resources */ = {isa = PBXBuildFile; fileRef = 38CBBA4720ACB4F0007561B7 /* Main.storyboard */; };
		38CBBA4B20ACB4F0007561B7 /* Assets.xcassets in Resources */ = {isa = PBXBuildFile; fileRef = 38CBBA4A20ACB4F0007561B7 /* Assets.xcassets */; };
		38CBBA4E20ACB4F0007561B7 /* LaunchScreen.storyboard in Resources */ = {isa = PBXBuildFile; fileRef = 38CBBA4C20ACB4F0007561B7 /* LaunchScreen.storyboard */; };
		38CBBA5620ACBAD8007561B7 /* Product.swift in Sources */ = {isa = PBXBuildFile; fileRef = 38CBBA5520ACBAD8007561B7 /* Product.swift */; };
		38CBBA5820ACBF1C007561B7 /* ProductTableViewCell.swift in Sources */ = {isa = PBXBuildFile; fileRef = 38CBBA5720ACBF1C007561B7 /* ProductTableViewCell.swift */; };
		38CBBA5A20ACC438007561B7 /* ProductTableViewController.swift in Sources */ = {isa = PBXBuildFile; fileRef = 38CBBA5920ACC438007561B7 /* ProductTableViewController.swift */; };
		38CBBA6220ADE178007561B7 /* ProductViewController.swift in Sources */ = {isa = PBXBuildFile; fileRef = 38CBBA6120ADE178007561B7 /* ProductViewController.swift */; };
		38CFE03C20B143D3003DEB9A /* BarScannerController.swift in Sources */ = {isa = PBXBuildFile; fileRef = 38CFE03B20B143D3003DEB9A /* BarScannerController.swift */; };
		38CFE03E20B279B0003DEB9A /* GoogleService-Info.plist in Resources */ = {isa = PBXBuildFile; fileRef = 38CFE03D20B279B0003DEB9A /* GoogleService-Info.plist */; };
/* End PBXBuildFile section */

/* Begin PBXFileReference section */
		380A5D1720B5D03B00A6A5BF /* LoginViewController.swift */ = {isa = PBXFileReference; lastKnownFileType = sourcecode.swift; path = LoginViewController.swift; sourceTree = "<group>"; };
		380A5D1920B5DDF500A6A5BF /* SettingsViewController.swift */ = {isa = PBXFileReference; lastKnownFileType = sourcecode.swift; path = SettingsViewController.swift; sourceTree = "<group>"; };
		380A5D1B20B5E3E500A6A5BF /* AuthHelper.swift */ = {isa = PBXFileReference; lastKnownFileType = sourcecode.swift; path = AuthHelper.swift; sourceTree = "<group>"; };
		385E051520B84AC800E37A29 /* ModalLoadingWindow.swift */ = {isa = PBXFileReference; lastKnownFileType = sourcecode.swift; path = ModalLoadingWindow.swift; sourceTree = "<group>"; };
		385E052220BC5CE800E37A29 /* SortMethod.swift */ = {isa = PBXFileReference; lastKnownFileType = sourcecode.swift; path = SortMethod.swift; sourceTree = "<group>"; };
		3866114120B5C69D00D55A25 /* Scanner.entitlements */ = {isa = PBXFileReference; lastKnownFileType = text.plist.entitlements; path = Scanner.entitlements; sourceTree = "<group>"; };
		38CBBA4020ACB4EF007561B7 /* Scanner.app */ = {isa = PBXFileReference; explicitFileType = wrapper.application; includeInIndex = 0; path = Scanner.app; sourceTree = BUILT_PRODUCTS_DIR; };
		38CBBA4320ACB4F0007561B7 /* AppDelegate.swift */ = {isa = PBXFileReference; lastKnownFileType = sourcecode.swift; path = AppDelegate.swift; sourceTree = "<group>"; };
		38CBBA4520ACB4F0007561B7 /* ViewController.swift */ = {isa = PBXFileReference; lastKnownFileType = sourcecode.swift; path = ViewController.swift; sourceTree = "<group>"; };
		38CBBA4820ACB4F0007561B7 /* Base */ = {isa = PBXFileReference; lastKnownFileType = file.storyboard; name = Base; path = Base.lproj/Main.storyboard; sourceTree = "<group>"; };
		38CBBA4A20ACB4F0007561B7 /* Assets.xcassets */ = {isa = PBXFileReference; lastKnownFileType = folder.assetcatalog; path = Assets.xcassets; sourceTree = "<group>"; };
		38CBBA4D20ACB4F0007561B7 /* Base */ = {isa = PBXFileReference; lastKnownFileType = file.storyboard; name = Base; path = Base.lproj/LaunchScreen.storyboard; sourceTree = "<group>"; };
		38CBBA4F20ACB4F0007561B7 /* Info.plist */ = {isa = PBXFileReference; lastKnownFileType = text.plist.xml; path = Info.plist; sourceTree = "<group>"; };
		38CBBA5520ACBAD8007561B7 /* Product.swift */ = {isa = PBXFileReference; lastKnownFileType = sourcecode.swift; path = Product.swift; sourceTree = "<group>"; };
		38CBBA5720ACBF1C007561B7 /* ProductTableViewCell.swift */ = {isa = PBXFileReference; lastKnownFileType = sourcecode.swift; path = ProductTableViewCell.swift; sourceTree = "<group>"; };
		38CBBA5920ACC438007561B7 /* ProductTableViewController.swift */ = {isa = PBXFileReference; lastKnownFileType = sourcecode.swift; path = ProductTableViewController.swift; sourceTree = "<group>"; };
		38CBBA6120ADE178007561B7 /* ProductViewController.swift */ = {isa = PBXFileReference; lastKnownFileType = sourcecode.swift; path = ProductViewController.swift; sourceTree = "<group>"; };
		38CFE03B20B143D3003DEB9A /* BarScannerController.swift */ = {isa = PBXFileReference; lastKnownFileType = sourcecode.swift; path = BarScannerController.swift; sourceTree = "<group>"; };
		38CFE03D20B279B0003DEB9A /* GoogleService-Info.plist */ = {isa = PBXFileReference; fileEncoding = 4; lastKnownFileType = text.plist.xml; path = "GoogleService-Info.plist"; sourceTree = "<group>"; };
		8C45013115472EDDED26A7E6 /* Pods-Scanner.release.xcconfig */ = {isa = PBXFileReference; includeInIndex = 1; lastKnownFileType = text.xcconfig; name = "Pods-Scanner.release.xcconfig"; path = "Pods/Target Support Files/Pods-Scanner/Pods-Scanner.release.xcconfig"; sourceTree = "<group>"; };
		D160F8F8AA27F20553768529 /* Pods-Scanner.debug.xcconfig */ = {isa = PBXFileReference; includeInIndex = 1; lastKnownFileType = text.xcconfig; name = "Pods-Scanner.debug.xcconfig"; path = "Pods/Target Support Files/Pods-Scanner/Pods-Scanner.debug.xcconfig"; sourceTree = "<group>"; };
		DEDB506CA22D1611775D3034 /* Pods_Scanner.framework */ = {isa = PBXFileReference; explicitFileType = wrapper.framework; includeInIndex = 0; path = Pods_Scanner.framework; sourceTree = BUILT_PRODUCTS_DIR; };
/* End PBXFileReference section */

/* Begin PBXFrameworksBuildPhase section */
		38CBBA3D20ACB4EF007561B7 /* Frameworks */ = {
			isa = PBXFrameworksBuildPhase;
			buildActionMask = 2147483647;
			files = (
				2FEFDF94394FDE083BEE1B52 /* Pods_Scanner.framework in Frameworks */,
			);
			runOnlyForDeploymentPostprocessing = 0;
		};
/* End PBXFrameworksBuildPhase section */

/* Begin PBXGroup section */
		385E051420B84A8E00E37A29 /* Views */ = {
			isa = PBXGroup;
			children = (
				38CBBA5720ACBF1C007561B7 /* ProductTableViewCell.swift */,
				385E051520B84AC800E37A29 /* ModalLoadingWindow.swift */,
			);
			path = Views;
			sourceTree = "<group>";
		};
		3866113E20B4A9AC00D55A25 /* Models */ = {
			isa = PBXGroup;
			children = (
				38CBBA5520ACBAD8007561B7 /* Product.swift */,
			);
			path = Models;
			sourceTree = "<group>";
		};
		3866113F20B4A9C400D55A25 /* ViewControllers */ = {
			isa = PBXGroup;
			children = (
				38CBBA4520ACB4F0007561B7 /* ViewController.swift */,
				38CBBA5920ACC438007561B7 /* ProductTableViewController.swift */,
				38CBBA6120ADE178007561B7 /* ProductViewController.swift */,
				38CFE03B20B143D3003DEB9A /* BarScannerController.swift */,
				380A5D1720B5D03B00A6A5BF /* LoginViewController.swift */,
				380A5D1920B5DDF500A6A5BF /* SettingsViewController.swift */,
			);
			path = ViewControllers;
			sourceTree = "<group>";
		};
		3866114020B4A9DF00D55A25 /* Supporting Files */ = {
			isa = PBXGroup;
			children = (
				385E052220BC5CE800E37A29 /* SortMethod.swift */,
				380A5D1B20B5E3E500A6A5BF /* AuthHelper.swift */,
				38CBBA4A20ACB4F0007561B7 /* Assets.xcassets */,
				38CBBA4C20ACB4F0007561B7 /* LaunchScreen.storyboard */,
				38CBBA4320ACB4F0007561B7 /* AppDelegate.swift */,
			);
			path = "Supporting Files";
			sourceTree = "<group>";
		};
		38CBBA3720ACB4EF007561B7 = {
			isa = PBXGroup;
			children = (
				38CBBA4220ACB4EF007561B7 /* Scanner */,
				38CBBA4120ACB4EF007561B7 /* Products */,
				9CBC6470D96ED3B9397E11C1 /* Pods */,
				5B0CAEDF99D706FE7B3D5358 /* Frameworks */,
			);
			sourceTree = "<group>";
		};
		38CBBA4120ACB4EF007561B7 /* Products */ = {
			isa = PBXGroup;
			children = (
				38CBBA4020ACB4EF007561B7 /* Scanner.app */,
			);
			name = Products;
			sourceTree = "<group>";
		};
		38CBBA4220ACB4EF007561B7 /* Scanner */ = {
			isa = PBXGroup;
			children = (
				3866114120B5C69D00D55A25 /* Scanner.entitlements */,
				38CBBA4F20ACB4F0007561B7 /* Info.plist */,
				38CFE03D20B279B0003DEB9A /* GoogleService-Info.plist */,
				3866114020B4A9DF00D55A25 /* Supporting Files */,
				385E051420B84A8E00E37A29 /* Views */,
				3866113F20B4A9C400D55A25 /* ViewControllers */,
				3866113E20B4A9AC00D55A25 /* Models */,
				38CBBA4720ACB4F0007561B7 /* Main.storyboard */,
			);
			path = Scanner;
			sourceTree = "<group>";
		};
		5B0CAEDF99D706FE7B3D5358 /* Frameworks */ = {
			isa = PBXGroup;
			children = (
				DEDB506CA22D1611775D3034 /* Pods_Scanner.framework */,
			);
			name = Frameworks;
			sourceTree = "<group>";
		};
		9CBC6470D96ED3B9397E11C1 /* Pods */ = {
			isa = PBXGroup;
			children = (
				D160F8F8AA27F20553768529 /* Pods-Scanner.debug.xcconfig */,
				8C45013115472EDDED26A7E6 /* Pods-Scanner.release.xcconfig */,
			);
			name = Pods;
			sourceTree = "<group>";
		};
/* End PBXGroup section */

/* Begin PBXNativeTarget section */
		38CBBA3F20ACB4EF007561B7 /* Scanner */ = {
			isa = PBXNativeTarget;
			buildConfigurationList = 38CBBA5220ACB4F0007561B7 /* Build configuration list for PBXNativeTarget "Scanner" */;
			buildPhases = (
				6985819D1846597EC68575EC /* [CP] Check Pods Manifest.lock */,
				38CBBA3C20ACB4EF007561B7 /* Sources */,
				38CBBA3D20ACB4EF007561B7 /* Frameworks */,
				38CBBA3E20ACB4EF007561B7 /* Resources */,
				8DE9F310FBB7AEB31DAEB721 /* [CP] Embed Pods Frameworks */,
			);
			buildRules = (
			);
			dependencies = (
			);
			name = Scanner;
			productName = Scanner;
			productReference = 38CBBA4020ACB4EF007561B7 /* Scanner.app */;
			productType = "com.apple.product-type.application";
		};
/* End PBXNativeTarget section */

/* Begin PBXProject section */
		38CBBA3820ACB4EF007561B7 /* Project object */ = {
			isa = PBXProject;
			attributes = {
				LastSwiftUpdateCheck = 0930;
				LastUpgradeCheck = 0930;
				ORGANIZATIONNAME = Jim;
				TargetAttributes = {
					38CBBA3F20ACB4EF007561B7 = {
						CreatedOnToolsVersion = 9.3;
						SystemCapabilities = {
							com.apple.Keychain = {
								enabled = 1;
							};
						};
					};
				};
			};
			buildConfigurationList = 38CBBA3B20ACB4EF007561B7 /* Build configuration list for PBXProject "Scanner" */;
			compatibilityVersion = "Xcode 9.3";
			developmentRegion = en;
			hasScannedForEncodings = 0;
			knownRegions = (
				en,
				Base,
			);
			mainGroup = 38CBBA3720ACB4EF007561B7;
			productRefGroup = 38CBBA4120ACB4EF007561B7 /* Products */;
			projectDirPath = "";
			projectRoot = "";
			targets = (
				38CBBA3F20ACB4EF007561B7 /* Scanner */,
			);
		};
/* End PBXProject section */

/* Begin PBXResourcesBuildPhase section */
		38CBBA3E20ACB4EF007561B7 /* Resources */ = {
			isa = PBXResourcesBuildPhase;
			buildActionMask = 2147483647;
			files = (
				38CBBA4E20ACB4F0007561B7 /* LaunchScreen.storyboard in Resources */,
				38CFE03E20B279B0003DEB9A /* GoogleService-Info.plist in Resources */,
				38CBBA4B20ACB4F0007561B7 /* Assets.xcassets in Resources */,
				38CBBA4920ACB4F0007561B7 /* Main.storyboard in Resources */,
			);
			runOnlyForDeploymentPostprocessing = 0;
		};
/* End PBXResourcesBuildPhase section */

/* Begin PBXShellScriptBuildPhase section */
		6985819D1846597EC68575EC /* [CP] Check Pods Manifest.lock */ = {
			isa = PBXShellScriptBuildPhase;
			buildActionMask = 2147483647;
			files = (
			);
			inputPaths = (
				"${PODS_PODFILE_DIR_PATH}/Podfile.lock",
				"${PODS_ROOT}/Manifest.lock",
			);
			name = "[CP] Check Pods Manifest.lock";
			outputPaths = (
				"$(DERIVED_FILE_DIR)/Pods-Scanner-checkManifestLockResult.txt",
			);
			runOnlyForDeploymentPostprocessing = 0;
			shellPath = /bin/sh;
			shellScript = "diff \"${PODS_PODFILE_DIR_PATH}/Podfile.lock\" \"${PODS_ROOT}/Manifest.lock\" > /dev/null\nif [ $? != 0 ] ; then\n    # print error to STDERR\n    echo \"error: The sandbox is not in sync with the Podfile.lock. Run 'pod install' or update your CocoaPods installation.\" >&2\n    exit 1\nfi\n# This output is used by Xcode 'outputs' to avoid re-running this script phase.\necho \"SUCCESS\" > \"${SCRIPT_OUTPUT_FILE_0}\"\n";
			showEnvVarsInLog = 0;
		};
		8DE9F310FBB7AEB31DAEB721 /* [CP] Embed Pods Frameworks */ = {
			isa = PBXShellScriptBuildPhase;
			buildActionMask = 2147483647;
			files = (
			);
			inputPaths = (
				"${SRCROOT}/Pods/Target Support Files/Pods-Scanner/Pods-Scanner-frameworks.sh",
				"${BUILT_PRODUCTS_DIR}/Charts/Charts.framework",
				"${BUILT_PRODUCTS_DIR}/GTMSessionFetcher/GTMSessionFetcher.framework",
				"${BUILT_PRODUCTS_DIR}/GoogleToolboxForMac/GoogleToolboxForMac.framework",
				"${BUILT_PRODUCTS_DIR}/SDWebImage/SDWebImage.framework",
				"${BUILT_PRODUCTS_DIR}/leveldb-library/leveldb.framework",
				"${BUILT_PRODUCTS_DIR}/nanopb/nanopb.framework",
			);
			name = "[CP] Embed Pods Frameworks";
			outputPaths = (
				"${TARGET_BUILD_DIR}/${FRAMEWORKS_FOLDER_PATH}/Charts.framework",
				"${TARGET_BUILD_DIR}/${FRAMEWORKS_FOLDER_PATH}/GTMSessionFetcher.framework",
				"${TARGET_BUILD_DIR}/${FRAMEWORKS_FOLDER_PATH}/GoogleToolboxForMac.framework",
				"${TARGET_BUILD_DIR}/${FRAMEWORKS_FOLDER_PATH}/SDWebImage.framework",
				"${TARGET_BUILD_DIR}/${FRAMEWORKS_FOLDER_PATH}/leveldb.framework",
				"${TARGET_BUILD_DIR}/${FRAMEWORKS_FOLDER_PATH}/nanopb.framework",
			);
			runOnlyForDeploymentPostprocessing = 0;
			shellPath = /bin/sh;
			shellScript = "\"${SRCROOT}/Pods/Target Support Files/Pods-Scanner/Pods-Scanner-frameworks.sh\"\n";
			showEnvVarsInLog = 0;
		};
/* End PBXShellScriptBuildPhase section */

/* Begin PBXSourcesBuildPhase section */
		38CBBA3C20ACB4EF007561B7 /* Sources */ = {
			isa = PBXSourcesBuildPhase;
			buildActionMask = 2147483647;
			files = (
				38CBBA4620ACB4F0007561B7 /* ViewController.swift in Sources */,
				38CBBA5820ACBF1C007561B7 /* ProductTableViewCell.swift in Sources */,
				38CBBA4420ACB4F0007561B7 /* AppDelegate.swift in Sources */,
				38CFE03C20B143D3003DEB9A /* BarScannerController.swift in Sources */,
				380A5D1820B5D03B00A6A5BF /* LoginViewController.swift in Sources */,
				38CBBA6220ADE178007561B7 /* ProductViewController.swift in Sources */,
				385E051620B84AC800E37A29 /* ModalLoadingWindow.swift in Sources */,
				38CBBA5620ACBAD8007561B7 /* Product.swift in Sources */,
				380A5D1C20B5E3E500A6A5BF /* AuthHelper.swift in Sources */,
				38CBBA5A20ACC438007561B7 /* ProductTableViewController.swift in Sources */,
				380A5D1A20B5DDF500A6A5BF /* SettingsViewController.swift in Sources */,
				385E052320BC5CE800E37A29 /* SortMethod.swift in Sources */,
			);
			runOnlyForDeploymentPostprocessing = 0;
		};
/* End PBXSourcesBuildPhase section */

/* Begin PBXVariantGroup section */
		38CBBA4720ACB4F0007561B7 /* Main.storyboard */ = {
			isa = PBXVariantGroup;
			children = (
				38CBBA4820ACB4F0007561B7 /* Base */,
			);
			name = Main.storyboard;
			sourceTree = "<group>";
		};
		38CBBA4C20ACB4F0007561B7 /* LaunchScreen.storyboard */ = {
			isa = PBXVariantGroup;
			children = (
				38CBBA4D20ACB4F0007561B7 /* Base */,
			);
			name = LaunchScreen.storyboard;
			sourceTree = "<group>";
		};
/* End PBXVariantGroup section */

/* Begin XCBuildConfiguration section */
		38CBBA5020ACB4F0007561B7 /* Debug */ = {
			isa = XCBuildConfiguration;
			buildSettings = {
				ALWAYS_SEARCH_USER_PATHS = NO;
				CLANG_ANALYZER_NONNULL = YES;
				CLANG_ANALYZER_NUMBER_OBJECT_CONVERSION = YES_AGGRESSIVE;
				CLANG_CXX_LANGUAGE_STANDARD = "gnu++14";
				CLANG_CXX_LIBRARY = "libc++";
				CLANG_ENABLE_MODULES = YES;
				CLANG_ENABLE_OBJC_ARC = YES;
				CLANG_ENABLE_OBJC_WEAK = YES;
				CLANG_WARN_BLOCK_CAPTURE_AUTORELEASING = YES;
				CLANG_WARN_BOOL_CONVERSION = YES;
				CLANG_WARN_COMMA = YES;
				CLANG_WARN_CONSTANT_CONVERSION = YES;
				CLANG_WARN_DEPRECATED_OBJC_IMPLEMENTATIONS = YES;
				CLANG_WARN_DIRECT_OBJC_ISA_USAGE = YES_ERROR;
				CLANG_WARN_DOCUMENTATION_COMMENTS = YES;
				CLANG_WARN_EMPTY_BODY = YES;
				CLANG_WARN_ENUM_CONVERSION = YES;
				CLANG_WARN_INFINITE_RECURSION = YES;
				CLANG_WARN_INT_CONVERSION = YES;
				CLANG_WARN_NON_LITERAL_NULL_CONVERSION = YES;
				CLANG_WARN_OBJC_IMPLICIT_RETAIN_SELF = YES;
				CLANG_WARN_OBJC_LITERAL_CONVERSION = YES;
				CLANG_WARN_OBJC_ROOT_CLASS = YES_ERROR;
				CLANG_WARN_RANGE_LOOP_ANALYSIS = YES;
				CLANG_WARN_STRICT_PROTOTYPES = YES;
				CLANG_WARN_SUSPICIOUS_MOVE = YES;
				CLANG_WARN_UNGUARDED_AVAILABILITY = YES_AGGRESSIVE;
				CLANG_WARN_UNREACHABLE_CODE = YES;
				CLANG_WARN__DUPLICATE_METHOD_MATCH = YES;
				CODE_SIGN_IDENTITY = "iPhone Developer";
				COPY_PHASE_STRIP = NO;
				DEBUG_INFORMATION_FORMAT = dwarf;
				ENABLE_STRICT_OBJC_MSGSEND = YES;
				ENABLE_TESTABILITY = YES;
				GCC_C_LANGUAGE_STANDARD = gnu11;
				GCC_DYNAMIC_NO_PIC = NO;
				GCC_NO_COMMON_BLOCKS = YES;
				GCC_OPTIMIZATION_LEVEL = 0;
				GCC_PREPROCESSOR_DEFINITIONS = (
					"DEBUG=1",
					"$(inherited)",
				);
				GCC_WARN_64_TO_32_BIT_CONVERSION = YES;
				GCC_WARN_ABOUT_RETURN_TYPE = YES_ERROR;
				GCC_WARN_UNDECLARED_SELECTOR = YES;
				GCC_WARN_UNINITIALIZED_AUTOS = YES_AGGRESSIVE;
				GCC_WARN_UNUSED_FUNCTION = YES;
				GCC_WARN_UNUSED_VARIABLE = YES;
				IPHONEOS_DEPLOYMENT_TARGET = 11.3;
				MTL_ENABLE_DEBUG_INFO = YES;
				ONLY_ACTIVE_ARCH = YES;
				SDKROOT = iphoneos;
				SWIFT_ACTIVE_COMPILATION_CONDITIONS = DEBUG;
				SWIFT_OPTIMIZATION_LEVEL = "-Onone";
			};
			name = Debug;
		};
		38CBBA5120ACB4F0007561B7 /* Release */ = {
			isa = XCBuildConfiguration;
			buildSettings = {
				ALWAYS_SEARCH_USER_PATHS = NO;
				CLANG_ANALYZER_NONNULL = YES;
				CLANG_ANALYZER_NUMBER_OBJECT_CONVERSION = YES_AGGRESSIVE;
				CLANG_CXX_LANGUAGE_STANDARD = "gnu++14";
				CLANG_CXX_LIBRARY = "libc++";
				CLANG_ENABLE_MODULES = YES;
				CLANG_ENABLE_OBJC_ARC = YES;
				CLANG_ENABLE_OBJC_WEAK = YES;
				CLANG_WARN_BLOCK_CAPTURE_AUTORELEASING = YES;
				CLANG_WARN_BOOL_CONVERSION = YES;
				CLANG_WARN_COMMA = YES;
				CLANG_WARN_CONSTANT_CONVERSION = YES;
				CLANG_WARN_DEPRECATED_OBJC_IMPLEMENTATIONS = YES;
				CLANG_WARN_DIRECT_OBJC_ISA_USAGE = YES_ERROR;
				CLANG_WARN_DOCUMENTATION_COMMENTS = YES;
				CLANG_WARN_EMPTY_BODY = YES;
				CLANG_WARN_ENUM_CONVERSION = YES;
				CLANG_WARN_INFINITE_RECURSION = YES;
				CLANG_WARN_INT_CONVERSION = YES;
				CLANG_WARN_NON_LITERAL_NULL_CONVERSION = YES;
				CLANG_WARN_OBJC_IMPLICIT_RETAIN_SELF = YES;
				CLANG_WARN_OBJC_LITERAL_CONVERSION = YES;
				CLANG_WARN_OBJC_ROOT_CLASS = YES_ERROR;
				CLANG_WARN_RANGE_LOOP_ANALYSIS = YES;
				CLANG_WARN_STRICT_PROTOTYPES = YES;
				CLANG_WARN_SUSPICIOUS_MOVE = YES;
				CLANG_WARN_UNGUARDED_AVAILABILITY = YES_AGGRESSIVE;
				CLANG_WARN_UNREACHABLE_CODE = YES;
				CLANG_WARN__DUPLICATE_METHOD_MATCH = YES;
				CODE_SIGN_IDENTITY = "iPhone Developer";
				COPY_PHASE_STRIP = NO;
				DEBUG_INFORMATION_FORMAT = "dwarf-with-dsym";
				ENABLE_NS_ASSERTIONS = NO;
				ENABLE_STRICT_OBJC_MSGSEND = YES;
				GCC_C_LANGUAGE_STANDARD = gnu11;
				GCC_NO_COMMON_BLOCKS = YES;
				GCC_WARN_64_TO_32_BIT_CONVERSION = YES;
				GCC_WARN_ABOUT_RETURN_TYPE = YES_ERROR;
				GCC_WARN_UNDECLARED_SELECTOR = YES;
				GCC_WARN_UNINITIALIZED_AUTOS = YES_AGGRESSIVE;
				GCC_WARN_UNUSED_FUNCTION = YES;
				GCC_WARN_UNUSED_VARIABLE = YES;
				IPHONEOS_DEPLOYMENT_TARGET = 11.3;
				MTL_ENABLE_DEBUG_INFO = NO;
				SDKROOT = iphoneos;
				SWIFT_COMPILATION_MODE = wholemodule;
				SWIFT_OPTIMIZATION_LEVEL = "-O";
				VALIDATE_PRODUCT = YES;
			};
			name = Release;
		};
		38CBBA5320ACB4F0007561B7 /* Debug */ = {
			isa = XCBuildConfiguration;
			baseConfigurationReference = D160F8F8AA27F20553768529 /* Pods-Scanner.debug.xcconfig */;
			buildSettings = {
				ASSETCATALOG_COMPILER_APPICON_NAME = AppIcon;
				CODE_SIGN_ENTITLEMENTS = Scanner/Scanner.entitlements;
				CODE_SIGN_STYLE = Automatic;
				DEVELOPMENT_TEAM = B4286U26SY;
				INFOPLIST_FILE = Scanner/Info.plist;
				IPHONEOS_DEPLOYMENT_TARGET = 11.0;
				LD_RUNPATH_SEARCH_PATHS = (
					"$(inherited)",
					"@executable_path/Frameworks",
				);
				PRODUCT_BUNDLE_IDENTIFIER = com.jimjzhu.MPHScanner;
				PRODUCT_NAME = "$(TARGET_NAME)";
				SWIFT_VERSION = 4.0;
				TARGETED_DEVICE_FAMILY = "1,2";
			};
			name = Debug;
		};
		38CBBA5420ACB4F0007561B7 /* Release */ = {
			isa = XCBuildConfiguration;
			baseConfigurationReference = 8C45013115472EDDED26A7E6 /* Pods-Scanner.release.xcconfig */;
			buildSettings = {
				ASSETCATALOG_COMPILER_APPICON_NAME = AppIcon;
				CODE_SIGN_ENTITLEMENTS = Scanner/Scanner.entitlements;
				CODE_SIGN_STYLE = Automatic;
				DEVELOPMENT_TEAM = B4286U26SY;
				INFOPLIST_FILE = Scanner/Info.plist;
				IPHONEOS_DEPLOYMENT_TARGET = 11.0;
				LD_RUNPATH_SEARCH_PATHS = (
					"$(inherited)",
					"@executable_path/Frameworks",
				);
				PRODUCT_BUNDLE_IDENTIFIER = com.jimjzhu.MPHScanner;
				PRODUCT_NAME = "$(TARGET_NAME)";
				SWIFT_VERSION = 4.0;
				TARGETED_DEVICE_FAMILY = "1,2";
			};
			name = Release;
		};
/* End XCBuildConfiguration section */

/* Begin XCConfigurationList section */
		38CBBA3B20ACB4EF007561B7 /* Build configuration list for PBXProject "Scanner" */ = {
			isa = XCConfigurationList;
			buildConfigurations = (
				38CBBA5020ACB4F0007561B7 /* Debug */,
				38CBBA5120ACB4F0007561B7 /* Release */,
			);
			defaultConfigurationIsVisible = 0;
			defaultConfigurationName = Release;
		};
		38CBBA5220ACB4F0007561B7 /* Build configuration list for PBXNativeTarget "Scanner" */ = {
			isa = XCConfigurationList;
			buildConfigurations = (
				38CBBA5320ACB4F0007561B7 /* Debug */,
				38CBBA5420ACB4F0007561B7 /* Release */,
			);
			defaultConfigurationIsVisible = 0;
			defaultConfigurationName = Release;
		};
/* End XCConfigurationList section */
	};
	rootObject = 38CBBA3820ACB4EF007561B7 /* Project object */;
}
